{
  "name": "resource-manager-plugins",
  "version": "1.0.4",
  "lockfileVersion": 1,
  "requires": true,
  "dependencies": {
    "resource-manager-plugins": {
      "version": "1.0.4",
      "resolved": "https://registry.npmjs.org/resource-manager-plugins/-/resource-manager-plugins-1.0.4.tgz",
      "integrity": "sha512-Wc4rOo3Uqb82zNT74Yzq8zwCYI1JPpflimb5ax5fsWAcKJ9FJ+CpEuQg5Uqpuqna3y8gVILkJ+y9nA2Bsbg6Kg=="
    }
  }
}
